// !$*UTF8*$!
{
	archiveVersion = 1;
	classes = {
	};
	objectVersion = 46;
	objects = {

/* Begin PBXBuildFile section */
		3A0BAD791B547B3800A1E102 /* PermitDetailsVC.m in Sources */ = {isa = PBXBuildFile; fileRef = 3A0BAD781B547B3800A1E102 /* PermitDetailsVC.m */; };
		3A9C458B1B3CD92100A99482 /* HomeVC.m in Sources */ = {isa = PBXBuildFile; fileRef = 3A9C458A1B3CD92100A99482 /* HomeVC.m */; };
		3A9C458E1B3DD50000A99482 /* AppState.m in Sources */ = {isa = PBXBuildFile; fileRef = 3A9C458D1B3DD50000A99482 /* AppState.m */; };
		3A9C45941B3E114700A99482 /* XerocraftTabBarVC.m in Sources */ = {isa = PBXBuildFile; fileRef = 3A9C45931B3E114700A99482 /* XerocraftTabBarVC.m */; };
		3AAACB641B38AC3A003CFAC0 /* main.m in Sources */ = {isa = PBXBuildFile; fileRef = 3AAACB631B38AC3A003CFAC0 /* main.m */; };
		3AAACB671B38AC3A003CFAC0 /* AppDelegate.m in Sources */ = {isa = PBXBuildFile; fileRef = 3AAACB661B38AC3A003CFAC0 /* AppDelegate.m */; };
		3AAACB6A1B38AC3A003CFAC0 /* ReadQrVC.m in Sources */ = {isa = PBXBuildFile; fileRef = 3AAACB691B38AC3A003CFAC0 /* ReadQrVC.m */; };
		3AAACB6D1B38AC3A003CFAC0 /* Main.storyboard in Resources */ = {isa = PBXBuildFile; fileRef = 3AAACB6B1B38AC3A003CFAC0 /* Main.storyboard */; };
		3AAACB6F1B38AC3A003CFAC0 /* Images.xcassets in Resources */ = {isa = PBXBuildFile; fileRef = 3AAACB6E1B38AC3A003CFAC0 /* Images.xcassets */; };
		3AAACB721B38AC3A003CFAC0 /* LaunchScreen.xib in Resources */ = {isa = PBXBuildFile; fileRef = 3AAACB701B38AC3A003CFAC0 /* LaunchScreen.xib */; };
		3AAACB7E1B38AC3A003CFAC0 /* XerocraftTests.m in Sources */ = {isa = PBXBuildFile; fileRef = 3AAACB7D1B38AC3A003CFAC0 /* XerocraftTests.m */; };
		3ABD6C591B3A6AE400E4A292 /* ReadSomeQrCodeVC.m in Sources */ = {isa = PBXBuildFile; fileRef = 3ABD6C581B3A6AE400E4A292 /* ReadSomeQrCodeVC.m */; };
		3ABD6C5C1B3A6B3800E4A292 /* ReadMyCardVC.m in Sources */ = {isa = PBXBuildFile; fileRef = 3ABD6C5B1B3A6B3800E4A292 /* ReadMyCardVC.m */; };
		3ABD6C621B3A6BE900E4A292 /* ReadSiteConfigVC.m in Sources */ = {isa = PBXBuildFile; fileRef = 3ABD6C611B3A6BE900E4A292 /* ReadSiteConfigVC.m */; };
		3ADDABBF1B43502500E0D18E /* beep23.mp3 in Resources */ = {isa = PBXBuildFile; fileRef = 3ADDABBE1B43502500E0D18E /* beep23.mp3 */; };
		3ADDABC21B435CC600E0D18E /* MemberDetailsTVC.m in Sources */ = {isa = PBXBuildFile; fileRef = 3ADDABC11B435CC600E0D18E /* MemberDetailsTVC.m */; };
		3AFF13581B4102B500CB589E /* ConfigurationVC.m in Sources */ = {isa = PBXBuildFile; fileRef = 3AFF13571B4102B500CB589E /* ConfigurationVC.m */; };
/* End PBXBuildFile section */

/* Begin PBXContainerItemProxy section */
		3AAACB781B38AC3A003CFAC0 /* PBXContainerItemProxy */ = {
			isa = PBXContainerItemProxy;
			containerPortal = 3AAACB561B38AC3A003CFAC0 /* Project object */;
			proxyType = 1;
			remoteGlobalIDString = 3AAACB5D1B38AC3A003CFAC0;
			remoteInfo = Xerocraft;
		};
/* End PBXContainerItemProxy section */

/* Begin PBXFileReference section */
		3A0BAD771B547B3800A1E102 /* PermitDetailsVC.h */ = {isa = PBXFileReference; fileEncoding = 4; lastKnownFileType = sourcecode.c.h; path = PermitDetailsVC.h; sourceTree = "<group>"; };
		3A0BAD781B547B3800A1E102 /* PermitDetailsVC.m */ = {isa = PBXFileReference; fileEncoding = 4; lastKnownFileType = sourcecode.c.objc; path = PermitDetailsVC.m; sourceTree = "<group>"; };
		3A9C45891B3CD92100A99482 /* HomeVC.h */ = {isa = PBXFileReference; fileEncoding = 4; lastKnownFileType = sourcecode.c.h; path = HomeVC.h; sourceTree = "<group>"; };
		3A9C458A1B3CD92100A99482 /* HomeVC.m */ = {isa = PBXFileReference; fileEncoding = 4; lastKnownFileType = sourcecode.c.objc; path = HomeVC.m; sourceTree = "<group>"; };
		3A9C458C1B3DD50000A99482 /* AppState.h */ = {isa = PBXFileReference; fileEncoding = 4; lastKnownFileType = sourcecode.c.h; path = AppState.h; sourceTree = "<group>"; };
		3A9C458D1B3DD50000A99482 /* AppState.m */ = {isa = PBXFileReference; fileEncoding = 4; lastKnownFileType = sourcecode.c.objc; path = AppState.m; sourceTree = "<group>"; };
		3A9C45921B3E114700A99482 /* XerocraftTabBarVC.h */ = {isa = PBXFileReference; fileEncoding = 4; lastKnownFileType = sourcecode.c.h; path = XerocraftTabBarVC.h; sourceTree = "<group>"; };
		3A9C45931B3E114700A99482 /* XerocraftTabBarVC.m */ = {isa = PBXFileReference; fileEncoding = 4; lastKnownFileType = sourcecode.c.objc; path = XerocraftTabBarVC.m; sourceTree = "<group>"; };
		3AAACB5E1B38AC3A003CFAC0 /* Xerocraft.app */ = {isa = PBXFileReference; explicitFileType = wrapper.application; includeInIndex = 0; path = Xerocraft.app; sourceTree = BUILT_PRODUCTS_DIR; };
		3AAACB621B38AC3A003CFAC0 /* Info.plist */ = {isa = PBXFileReference; lastKnownFileType = text.plist.xml; path = Info.plist; sourceTree = "<group>"; };
		3AAACB631B38AC3A003CFAC0 /* main.m */ = {isa = PBXFileReference; lastKnownFileType = sourcecode.c.objc; path = main.m; sourceTree = "<group>"; };
		3AAACB651B38AC3A003CFAC0 /* AppDelegate.h */ = {isa = PBXFileReference; lastKnownFileType = sourcecode.c.h; path = AppDelegate.h; sourceTree = "<group>"; };
		3AAACB661B38AC3A003CFAC0 /* AppDelegate.m */ = {isa = PBXFileReference; lastKnownFileType = sourcecode.c.objc; path = AppDelegate.m; sourceTree = "<group>"; };
		3AAACB681B38AC3A003CFAC0 /* ReadQrVC.h */ = {isa = PBXFileReference; lastKnownFileType = sourcecode.c.h; path = ReadQrVC.h; sourceTree = "<group>"; };
		3AAACB691B38AC3A003CFAC0 /* ReadQrVC.m */ = {isa = PBXFileReference; lastKnownFileType = sourcecode.c.objc; path = ReadQrVC.m; sourceTree = "<group>"; };
		3AAACB6C1B38AC3A003CFAC0 /* Base */ = {isa = PBXFileReference; lastKnownFileType = file.storyboard; name = Base; path = Base.lproj/Main.storyboard; sourceTree = "<group>"; };
		3AAACB6E1B38AC3A003CFAC0 /* Images.xcassets */ = {isa = PBXFileReference; lastKnownFileType = folder.assetcatalog; path = Images.xcassets; sourceTree = "<group>"; };
		3AAACB711B38AC3A003CFAC0 /* Base */ = {isa = PBXFileReference; lastKnownFileType = file.xib; name = Base; path = Base.lproj/LaunchScreen.xib; sourceTree = "<group>"; };
		3AAACB771B38AC3A003CFAC0 /* XerocraftTests.xctest */ = {isa = PBXFileReference; explicitFileType = wrapper.cfbundle; includeInIndex = 0; path = XerocraftTests.xctest; sourceTree = BUILT_PRODUCTS_DIR; };
		3AAACB7C1B38AC3A003CFAC0 /* Info.plist */ = {isa = PBXFileReference; lastKnownFileType = text.plist.xml; path = Info.plist; sourceTree = "<group>"; };
		3AAACB7D1B38AC3A003CFAC0 /* XerocraftTests.m */ = {isa = PBXFileReference; lastKnownFileType = sourcecode.c.objc; path = XerocraftTests.m; sourceTree = "<group>"; };
		3ABD6C571B3A6AE400E4A292 /* ReadSomeQrCodeVC.h */ = {isa = PBXFileReference; fileEncoding = 4; lastKnownFileType = sourcecode.c.h; path = ReadSomeQrCodeVC.h; sourceTree = "<group>"; };
		3ABD6C581B3A6AE400E4A292 /* ReadSomeQrCodeVC.m */ = {isa = PBXFileReference; fileEncoding = 4; lastKnownFileType = sourcecode.c.objc; path = ReadSomeQrCodeVC.m; sourceTree = "<group>"; };
		3ABD6C5A1B3A6B3800E4A292 /* ReadMyCardVC.h */ = {isa = PBXFileReference; fileEncoding = 4; lastKnownFileType = sourcecode.c.h; path = ReadMyCardVC.h; sourceTree = "<group>"; };
		3ABD6C5B1B3A6B3800E4A292 /* ReadMyCardVC.m */ = {isa = PBXFileReference; fileEncoding = 4; lastKnownFileType = sourcecode.c.objc; path = ReadMyCardVC.m; sourceTree = "<group>"; };
		3ABD6C601B3A6BE900E4A292 /* ReadSiteConfigVC.h */ = {isa = PBXFileReference; fileEncoding = 4; lastKnownFileType = sourcecode.c.h; path = ReadSiteConfigVC.h; sourceTree = "<group>"; };
		3ABD6C611B3A6BE900E4A292 /* ReadSiteConfigVC.m */ = {isa = PBXFileReference; fileEncoding = 4; lastKnownFileType = sourcecode.c.objc; path = ReadSiteConfigVC.m; sourceTree = "<group>"; };
		3ABD6C661B3C7C7C00E4A292 /* ReadQrDelegate.h */ = {isa = PBXFileReference; fileEncoding = 4; lastKnownFileType = sourcecode.c.h; path = ReadQrDelegate.h; sourceTree = "<group>"; };
		3ADDABBE1B43502500E0D18E /* beep23.mp3 */ = {isa = PBXFileReference; lastKnownFileType = audio.mp3; path = beep23.mp3; sourceTree = "<group>"; };
		3ADDABC01B435CC600E0D18E /* MemberDetailsTVC.h */ = {isa = PBXFileReference; fileEncoding = 4; lastKnownFileType = sourcecode.c.h; path = MemberDetailsTVC.h; sourceTree = "<group>"; };
		3ADDABC11B435CC600E0D18E /* MemberDetailsTVC.m */ = {isa = PBXFileReference; fileEncoding = 4; lastKnownFileType = sourcecode.c.objc; path = MemberDetailsTVC.m; sourceTree = "<group>"; };
		3AFF13561B4102B500CB589E /* ConfigurationVC.h */ = {isa = PBXFileReference; fileEncoding = 4; lastKnownFileType = sourcecode.c.h; path = ConfigurationVC.h; sourceTree = "<group>"; };
		3AFF13571B4102B500CB589E /* ConfigurationVC.m */ = {isa = PBXFileReference; fileEncoding = 4; lastKnownFileType = sourcecode.c.objc; path = ConfigurationVC.m; sourceTree = "<group>"; };
/* End PBXFileReference section */

/* Begin PBXFrameworksBuildPhase section */
		3AAACB5B1B38AC3A003CFAC0 /* Frameworks */ = {
			isa = PBXFrameworksBuildPhase;
			buildActionMask = 2147483647;
			files = (
			);
			runOnlyForDeploymentPostprocessing = 0;
		};
		3AAACB741B38AC3A003CFAC0 /* Frameworks */ = {
			isa = PBXFrameworksBuildPhase;
			buildActionMask = 2147483647;
			files = (
			);
			runOnlyForDeploymentPostprocessing = 0;
		};
/* End PBXFrameworksBuildPhase section */

/* Begin PBXGroup section */
		3AAACB551B38AC3A003CFAC0 = {
			isa = PBXGroup;
			children = (
				3AAACB601B38AC3A003CFAC0 /* Xerocraft */,
				3AAACB7A1B38AC3A003CFAC0 /* XerocraftTests */,
				3AAACB5F1B38AC3A003CFAC0 /* Products */,
			);
			sourceTree = "<group>";
		};
		3AAACB5F1B38AC3A003CFAC0 /* Products */ = {
			isa = PBXGroup;
			children = (
				3AAACB5E1B38AC3A003CFAC0 /* Xerocraft.app */,
				3AAACB771B38AC3A003CFAC0 /* XerocraftTests.xctest */,
			);
			name = Products;
			sourceTree = "<group>";
		};
		3AAACB601B38AC3A003CFAC0 /* Xerocraft */ = {
			isa = PBXGroup;
			children = (
				3AFF13571B4102B500CB589E /* ConfigurationVC.m */,
				3AFF13561B4102B500CB589E /* ConfigurationVC.h */,
				3AAACB681B38AC3A003CFAC0 /* ReadQrVC.h */,
				3AAACB691B38AC3A003CFAC0 /* ReadQrVC.m */,
				3ABD6C571B3A6AE400E4A292 /* ReadSomeQrCodeVC.h */,
				3ABD6C581B3A6AE400E4A292 /* ReadSomeQrCodeVC.m */,
				3ABD6C5A1B3A6B3800E4A292 /* ReadMyCardVC.h */,
				3ABD6C5B1B3A6B3800E4A292 /* ReadMyCardVC.m */,
				3ABD6C601B3A6BE900E4A292 /* ReadSiteConfigVC.h */,
				3ABD6C611B3A6BE900E4A292 /* ReadSiteConfigVC.m */,
				3A9C45891B3CD92100A99482 /* HomeVC.h */,
				3A9C458A1B3CD92100A99482 /* HomeVC.m */,
				3ADDABC01B435CC600E0D18E /* MemberDetailsTVC.h */,
				3ADDABC11B435CC600E0D18E /* MemberDetailsTVC.m */,
				3A0BAD771B547B3800A1E102 /* PermitDetailsVC.h */,
				3A0BAD781B547B3800A1E102 /* PermitDetailsVC.m */,
				3A9C45921B3E114700A99482 /* XerocraftTabBarVC.h */,
				3A9C45931B3E114700A99482 /* XerocraftTabBarVC.m */,
				3AAACB6B1B38AC3A003CFAC0 /* Main.storyboard */,
				3AAACB6E1B38AC3A003CFAC0 /* Images.xcassets */,
				3ADDABBE1B43502500E0D18E /* beep23.mp3 */,
				3AAACB701B38AC3A003CFAC0 /* LaunchScreen.xib */,
				3AAACB611B38AC3A003CFAC0 /* Supporting Files */,
				3ABD6C661B3C7C7C00E4A292 /* ReadQrDelegate.h */,
				3A9C458C1B3DD50000A99482 /* AppState.h */,
				3A9C458D1B3DD50000A99482 /* AppState.m */,
				3AAACB651B38AC3A003CFAC0 /* AppDelegate.h */,
				3AAACB661B38AC3A003CFAC0 /* AppDelegate.m */,
			);
			path = Xerocraft;
			sourceTree = "<group>";
		};
		3AAACB611B38AC3A003CFAC0 /* Supporting Files */ = {
			isa = PBXGroup;
			children = (
				3AAACB621B38AC3A003CFAC0 /* Info.plist */,
				3AAACB631B38AC3A003CFAC0 /* main.m */,
			);
			name = "Supporting Files";
			sourceTree = "<group>";
		};
		3AAACB7A1B38AC3A003CFAC0 /* XerocraftTests */ = {
			isa = PBXGroup;
			children = (
				3AAACB7D1B38AC3A003CFAC0 /* XerocraftTests.m */,
				3AAACB7B1B38AC3A003CFAC0 /* Supporting Files */,
			);
			path = XerocraftTests;
			sourceTree = "<group>";
		};
		3AAACB7B1B38AC3A003CFAC0 /* Supporting Files */ = {
			isa = PBXGroup;
			children = (
				3AAACB7C1B38AC3A003CFAC0 /* Info.plist */,
			);
			name = "Supporting Files";
			sourceTree = "<group>";
		};
/* End PBXGroup section */

/* Begin PBXNativeTarget section */
		3AAACB5D1B38AC3A003CFAC0 /* Xerocraft */ = {
			isa = PBXNativeTarget;
			buildConfigurationList = 3AAACB811B38AC3A003CFAC0 /* Build configuration list for PBXNativeTarget "Xerocraft" */;
			buildPhases = (
				3AAACB5A1B38AC3A003CFAC0 /* Sources */,
				3AAACB5B1B38AC3A003CFAC0 /* Frameworks */,
				3AAACB5C1B38AC3A003CFAC0 /* Resources */,
			);
			buildRules = (
			);
			dependencies = (
			);
			name = Xerocraft;
			productName = Xerocraft;
			productReference = 3AAACB5E1B38AC3A003CFAC0 /* Xerocraft.app */;
			productType = "com.apple.product-type.application";
		};
		3AAACB761B38AC3A003CFAC0 /* XerocraftTests */ = {
			isa = PBXNativeTarget;
			buildConfigurationList = 3AAACB841B38AC3A003CFAC0 /* Build configuration list for PBXNativeTarget "XerocraftTests" */;
			buildPhases = (
				3AAACB731B38AC3A003CFAC0 /* Sources */,
				3AAACB741B38AC3A003CFAC0 /* Frameworks */,
				3AAACB751B38AC3A003CFAC0 /* Resources */,
			);
			buildRules = (
			);
			dependencies = (
				3AAACB791B38AC3A003CFAC0 /* PBXTargetDependency */,
			);
			name = XerocraftTests;
			productName = XerocraftTests;
			productReference = 3AAACB771B38AC3A003CFAC0 /* XerocraftTests.xctest */;
			productType = "com.apple.product-type.bundle.unit-test";
		};
/* End PBXNativeTarget section */

/* Begin PBXProject section */
		3AAACB561B38AC3A003CFAC0 /* Project object */ = {
			isa = PBXProject;
			attributes = {
				LastUpgradeCheck = 0630;
				ORGANIZATIONNAME = "Adrian Boyko";
				TargetAttributes = {
					3AAACB5D1B38AC3A003CFAC0 = {
						CreatedOnToolsVersion = 6.3.2;
					};
					3AAACB761B38AC3A003CFAC0 = {
						CreatedOnToolsVersion = 6.3.2;
						TestTargetID = 3AAACB5D1B38AC3A003CFAC0;
					};
				};
			};
			buildConfigurationList = 3AAACB591B38AC3A003CFAC0 /* Build configuration list for PBXProject "Xerocraft" */;
			compatibilityVersion = "Xcode 3.2";
			developmentRegion = English;
			hasScannedForEncodings = 0;
			knownRegions = (
				en,
				Base,
			);
			mainGroup = 3AAACB551B38AC3A003CFAC0;
			productRefGroup = 3AAACB5F1B38AC3A003CFAC0 /* Products */;
			projectDirPath = "";
			projectRoot = "";
			targets = (
				3AAACB5D1B38AC3A003CFAC0 /* Xerocraft */,
				3AAACB761B38AC3A003CFAC0 /* XerocraftTests */,
			);
		};
/* End PBXProject section */

/* Begin PBXResourcesBuildPhase section */
		3AAACB5C1B38AC3A003CFAC0 /* Resources */ = {
			isa = PBXResourcesBuildPhase;
			buildActionMask = 2147483647;
			files = (
				3AAACB6D1B38AC3A003CFAC0 /* Main.storyboard in Resources */,
				3ADDABBF1B43502500E0D18E /* beep23.mp3 in Resources */,
				3AAACB721B38AC3A003CFAC0 /* LaunchScreen.xib in Resources */,
				3AAACB6F1B38AC3A003CFAC0 /* Images.xcassets in Resources */,
			);
			runOnlyForDeploymentPostprocessing = 0;
		};
		3AAACB751B38AC3A003CFAC0 /* Resources */ = {
			isa = PBXResourcesBuildPhase;
			buildActionMask = 2147483647;
			files = (
			);
			runOnlyForDeploymentPostprocessing = 0;
		};
/* End PBXResourcesBuildPhase section */

/* Begin PBXSourcesBuildPhase section */
		3AAACB5A1B38AC3A003CFAC0 /* Sources */ = {
			isa = PBXSourcesBuildPhase;
			buildActionMask = 2147483647;
			files = (
				3A0BAD791B547B3800A1E102 /* PermitDetailsVC.m in Sources */,
				3A9C45941B3E114700A99482 /* XerocraftTabBarVC.m in Sources */,
				3AAACB6A1B38AC3A003CFAC0 /* ReadQrVC.m in Sources */,
				3ABD6C5C1B3A6B3800E4A292 /* ReadMyCardVC.m in Sources */,
				3AFF13581B4102B500CB589E /* ConfigurationVC.m in Sources */,
				3ABD6C591B3A6AE400E4A292 /* ReadSomeQrCodeVC.m in Sources */,
				3A9C458B1B3CD92100A99482 /* HomeVC.m in Sources */,
				3ABD6C621B3A6BE900E4A292 /* ReadSiteConfigVC.m in Sources */,
				3AAACB671B38AC3A003CFAC0 /* AppDelegate.m in Sources */,
				3AAACB641B38AC3A003CFAC0 /* main.m in Sources */,
				3ADDABC21B435CC600E0D18E /* MemberDetailsTVC.m in Sources */,
				3A9C458E1B3DD50000A99482 /* AppState.m in Sources */,
			);
			runOnlyForDeploymentPostprocessing = 0;
		};
		3AAACB731B38AC3A003CFAC0 /* Sources */ = {
			isa = PBXSourcesBuildPhase;
			buildActionMask = 2147483647;
			files = (
				3AAACB7E1B38AC3A003CFAC0 /* XerocraftTests.m in Sources */,
			);
			runOnlyForDeploymentPostprocessing = 0;
		};
/* End PBXSourcesBuildPhase section */

/* Begin PBXTargetDependency section */
		3AAACB791B38AC3A003CFAC0 /* PBXTargetDependency */ = {
			isa = PBXTargetDependency;
			target = 3AAACB5D1B38AC3A003CFAC0 /* Xerocraft */;
			targetProxy = 3AAACB781B38AC3A003CFAC0 /* PBXContainerItemProxy */;
		};
/* End PBXTargetDependency section */

/* Begin PBXVariantGroup section */
		3AAACB6B1B38AC3A003CFAC0 /* Main.storyboard */ = {
			isa = PBXVariantGroup;
			children = (
				3AAACB6C1B38AC3A003CFAC0 /* Base */,
			);
			name = Main.storyboard;
			sourceTree = "<group>";
		};
		3AAACB701B38AC3A003CFAC0 /* LaunchScreen.xib */ = {
			isa = PBXVariantGroup;
			children = (
				3AAACB711B38AC3A003CFAC0 /* Base */,
			);
			name = LaunchScreen.xib;
			sourceTree = "<group>";
		};
/* End PBXVariantGroup section */

/* Begin XCBuildConfiguration section */
		3AAACB7F1B38AC3A003CFAC0 /* Debug */ = {
			isa = XCBuildConfiguration;
			buildSettings = {
				ALWAYS_SEARCH_USER_PATHS = NO;
				CLANG_CXX_LANGUAGE_STANDARD = "gnu++0x";
				CLANG_CXX_LIBRARY = "libc++";
				CLANG_ENABLE_MODULES = YES;
				CLANG_ENABLE_OBJC_ARC = YES;
				CLANG_WARN_BOOL_CONVERSION = YES;
				CLANG_WARN_CONSTANT_CONVERSION = YES;
				CLANG_WARN_DIRECT_OBJC_ISA_USAGE = YES_ERROR;
				CLANG_WARN_EMPTY_BODY = YES;
				CLANG_WARN_ENUM_CONVERSION = YES;
				CLANG_WARN_INT_CONVERSION = YES;
				CLANG_WARN_OBJC_ROOT_CLASS = YES_ERROR;
				CLANG_WARN_UNREACHABLE_CODE = YES;
				CLANG_WARN__DUPLICATE_METHOD_MATCH = YES;
				"CODE_SIGN_IDENTITY[sdk=iphoneos*]" = "iPhone Developer";
				COPY_PHASE_STRIP = NO;
				DEBUG_INFORMATION_FORMAT = "dwarf-with-dsym";
				ENABLE_STRICT_OBJC_MSGSEND = YES;
				GCC_C_LANGUAGE_STANDARD = gnu99;
				GCC_DYNAMIC_NO_PIC = NO;
				GCC_NO_COMMON_BLOCKS = YES;
				GCC_OPTIMIZATION_LEVEL = 0;
				GCC_PREPROCESSOR_DEFINITIONS = (
					"DEBUG=1",
					"$(inherited)",
				);
				GCC_SYMBOLS_PRIVATE_EXTERN = NO;
				GCC_WARN_64_TO_32_BIT_CONVERSION = YES;
				GCC_WARN_ABOUT_RETURN_TYPE = YES_ERROR;
				GCC_WARN_UNDECLARED_SELECTOR = YES;
				GCC_WARN_UNINITIALIZED_AUTOS = YES_AGGRESSIVE;
				GCC_WARN_UNUSED_FUNCTION = YES;
				GCC_WARN_UNUSED_VARIABLE = YES;
				IPHONEOS_DEPLOYMENT_TARGET = 8.3;
				MTL_ENABLE_DEBUG_INFO = YES;
				ONLY_ACTIVE_ARCH = YES;
				SDKROOT = iphoneos;
			};
			name = Debug;
		};
		3AAACB801B38AC3A003CFAC0 /* Release */ = {
			isa = XCBuildConfiguration;
			buildSettings = {
				ALWAYS_SEARCH_USER_PATHS = NO;
				CLANG_CXX_LANGUAGE_STANDARD = "gnu++0x";
				CLANG_CXX_LIBRARY = "libc++";
				CLANG_ENABLE_MODULES = YES;
				CLANG_ENABLE_OBJC_ARC = YES;
				CLANG_WARN_BOOL_CONVERSION = YES;
				CLANG_WARN_CONSTANT_CONVERSION = YES;
				CLANG_WARN_DIRECT_OBJC_ISA_USAGE = YES_ERROR;
				CLANG_WARN_EMPTY_BODY = YES;
				CLANG_WARN_ENUM_CONVERSION = YES;
				CLANG_WARN_INT_CONVERSION = YES;
				CLANG_WARN_OBJC_ROOT_CLASS = YES_ERROR;
				CLANG_WARN_UNREACHABLE_CODE = YES;
				CLANG_WARN__DUPLICATE_METHOD_MATCH = YES;
				"CODE_SIGN_IDENTITY[sdk=iphoneos*]" = "iPhone Developer";
				COPY_PHASE_STRIP = NO;
				DEBUG_INFORMATION_FORMAT = "dwarf-with-dsym";
				ENABLE_NS_ASSERTIONS = NO;
				ENABLE_STRICT_OBJC_MSGSEND = YES;
				GCC_C_LANGUAGE_STANDARD = gnu99;
				GCC_NO_COMMON_BLOCKS = YES;
				GCC_WARN_64_TO_32_BIT_CONVERSION = YES;
				GCC_WARN_ABOUT_RETURN_TYPE = YES_ERROR;
				GCC_WARN_UNDECLARED_SELECTOR = YES;
				GCC_WARN_UNINITIALIZED_AUTOS = YES_AGGRESSIVE;
				GCC_WARN_UNUSED_FUNCTION = YES;
				GCC_WARN_UNUSED_VARIABLE = YES;
				IPHONEOS_DEPLOYMENT_TARGET = 8.3;
				MTL_ENABLE_DEBUG_INFO = NO;
				SDKROOT = iphoneos;
				VALIDATE_PRODUCT = YES;
			};
			name = Release;
		};
		3AAACB821B38AC3A003CFAC0 /* Debug */ = {
			isa = XCBuildConfiguration;
			buildSettings = {
				ASSETCATALOG_COMPILER_APPICON_NAME = AppIcon;
				INFOPLIST_FILE = Xerocraft/Info.plist;
				LD_RUNPATH_SEARCH_PATHS = "$(inherited) @executable_path/Frameworks";
				PRODUCT_NAME = "$(TARGET_NAME)";
			};
			name = Debug;
		};
		3AAACB831B38AC3A003CFAC0 /* Release */ = {
			isa = XCBuildConfiguration;
			buildSettings = {
				ASSETCATALOG_COMPILER_APPICON_NAME = AppIcon;
				INFOPLIST_FILE = Xerocraft/Info.plist;
				LD_RUNPATH_SEARCH_PATHS = "$(inherited) @executable_path/Frameworks";
				PRODUCT_NAME = "$(TARGET_NAME)";
			};
			name = Release;
		};
		3AAACB851B38AC3A003CFAC0 /* Debug */ = {
			isa = XCBuildConfiguration;
			buildSettings = {
				BUNDLE_LOADER = "$(TEST_HOST)";
				FRAMEWORK_SEARCH_PATHS = (
					"$(SDKROOT)/Developer/Library/Frameworks",
					"$(inherited)",
				);
				GCC_PREPROCESSOR_DEFINITIONS = (
					"DEBUG=1",
					"$(inherited)",
				);
				INFOPLIST_FILE = XerocraftTests/Info.plist;
				LD_RUNPATH_SEARCH_PATHS = "$(inherited) @executable_path/Frameworks @loader_path/Frameworks";
				PRODUCT_NAME = "$(TARGET_NAME)";
				TEST_HOST = "$(BUILT_PRODUCTS_DIR)/Xerocraft.app/Xerocraft";
			};
			name = Debug;
		};
		3AAACB861B38AC3A003CFAC0 /* Release */ = {
			isa = XCBuildConfiguration;
			buildSettings = {
				BUNDLE_LOADER = "$(TEST_HOST)";
				FRAMEWORK_SEARCH_PATHS = (
					"$(SDKROOT)/Developer/Library/Frameworks",
					"$(inherited)",
				);
				INFOPLIST_FILE = XerocraftTests/Info.plist;
				LD_RUNPATH_SEARCH_PATHS = "$(inherited) @executable_path/Frameworks @loader_path/Frameworks";
				PRODUCT_NAME = "$(TARGET_NAME)";
				TEST_HOST = "$(BUILT_PRODUCTS_DIR)/Xerocraft.app/Xerocraft";
			};
			name = Release;
		};
/* End XCBuildConfiguration section */

/* Begin XCConfigurationList section */
		3AAACB591B38AC3A003CFAC0 /* Build configuration list for PBXProject "Xerocraft" */ = {
			isa = XCConfigurationList;
			buildConfigurations = (
				3AAACB7F1B38AC3A003CFAC0 /* Debug */,
				3AAACB801B38AC3A003CFAC0 /* Release */,
			);
			defaultConfigurationIsVisible = 0;
			defaultConfigurationName = Release;
		};
		3AAACB811B38AC3A003CFAC0 /* Build configuration list for PBXNativeTarget "Xerocraft" */ = {
			isa = XCConfigurationList;
			buildConfigurations = (
				3AAACB821B38AC3A003CFAC0 /* Debug */,
				3AAACB831B38AC3A003CFAC0 /* Release */,
			);
			defaultConfigurationIsVisible = 0;
			defaultConfigurationName = Release;
		};
		3AAACB841B38AC3A003CFAC0 /* Build configuration list for PBXNativeTarget "XerocraftTests" */ = {
			isa = XCConfigurationList;
			buildConfigurations = (
				3AAACB851B38AC3A003CFAC0 /* Debug */,
				3AAACB861B38AC3A003CFAC0 /* Release */,
			);
			defaultConfigurationIsVisible = 0;
			defaultConfigurationName = Release;
		};
/* End XCConfigurationList section */
	};
	rootObject = 3AAACB561B38AC3A003CFAC0 /* Project object */;
}
